
Microsoft Visual Studio Solution File, Format Version 12.00
# Visual Studio Version 17
VisualStudioVersion = 17.5.002.0
MinimumVisualStudioVersion = 10.0.40219.1
Project("{9A19103F-16F7-4668-BE54-9A1E7A4F7556}") = "000b-generovani-pseudonahodnych-cisel", "000b-generovani-pseudonahodnych-cisel.csproj", "{40470629-D45F-4372-8AC6-168FC4A4D782}"
EndProject
Global
	GlobalSection(SolutionConfigurationPlatforms) = preSolution
		Debug|Any CPU = Debug|Any CPU
		Release|Any CPU = Release|Any CPU
	EndGlobalSection
	GlobalSection(ProjectConfigurationPlatforms) = postSolution
		{40470629-D45F-4372-8AC6-168FC4A4D782}.Debug|Any CPU.ActiveCfg = Debug|Any CPU
		{40470629-D45F-4372-8AC6-168FC4A4D782}.Debug|Any CPU.Build.0 = Debug|Any CPU
		{40470629-D45F-4372-8AC6-168FC4A4D782}.Release|Any CPU.ActiveCfg = Release|Any CPU
		{40470629-D45F-4372-8AC6-168FC4A4D782}.Release|Any CPU.Build.0 = Release|Any CPU
	EndGlobalSection
	GlobalSection(SolutionProperties) = preSolution
		HideSolutionNode = FALSE
	EndGlobalSection
	GlobalSection(ExtensibilityGlobals) = postSolution
		SolutionGuid = {4495E3A0-AA06-4B5A-9889-93CE82F36B75}
	EndGlobalSection
EndGlobal
