
Microsoft Visual Studio Solution File, Format Version 12.00
# Visual Studio Version 17
VisualStudioVersion = 17.5.002.0
MinimumVisualStudioVersion = 10.0.40219.1
Project("{9A19103F-16F7-4668-BE54-9A1E7A4F7556}") = "012-intervaly", "012-intervaly.csproj", "{FBBC8BC9-F84F-4EA5-92CF-0AF6E0F9DB99}"
EndProject
Global
	GlobalSection(SolutionConfigurationPlatforms) = preSolution
		Debug|Any CPU = Debug|Any CPU
		Release|Any CPU = Release|Any CPU
	EndGlobalSection
	GlobalSection(ProjectConfigurationPlatforms) = postSolution
		{FBBC8BC9-F84F-4EA5-92CF-0AF6E0F9DB99}.Debug|Any CPU.ActiveCfg = Debug|Any CPU
		{FBBC8BC9-F84F-4EA5-92CF-0AF6E0F9DB99}.Debug|Any CPU.Build.0 = Debug|Any CPU
		{FBBC8BC9-F84F-4EA5-92CF-0AF6E0F9DB99}.Release|Any CPU.ActiveCfg = Release|Any CPU
		{FBBC8BC9-F84F-4EA5-92CF-0AF6E0F9DB99}.Release|Any CPU.Build.0 = Release|Any CPU
	EndGlobalSection
	GlobalSection(SolutionProperties) = preSolution
		HideSolutionNode = FALSE
	EndGlobalSection
	GlobalSection(ExtensibilityGlobals) = postSolution
		SolutionGuid = {718975F8-C5AC-4D01-B76B-947EE36B4B11}
	EndGlobalSection
EndGlobal
