
Microsoft Visual Studio Solution File, Format Version 12.00
# Visual Studio Version 17
VisualStudioVersion = 17.5.002.0
MinimumVisualStudioVersion = 10.0.40219.1
Project("{9A19103F-16F7-4668-BE54-9A1E7A4F7556}") = "000a-doucko-na-test", "000a-doucko-na-test.csproj", "{A84BE213-001C-4090-A50C-0291CFD1465D}"
EndProject
Global
	GlobalSection(SolutionConfigurationPlatforms) = preSolution
		Debug|Any CPU = Debug|Any CPU
		Release|Any CPU = Release|Any CPU
	EndGlobalSection
	GlobalSection(ProjectConfigurationPlatforms) = postSolution
		{A84BE213-001C-4090-A50C-0291CFD1465D}.Debug|Any CPU.ActiveCfg = Debug|Any CPU
		{A84BE213-001C-4090-A50C-0291CFD1465D}.Debug|Any CPU.Build.0 = Debug|Any CPU
		{A84BE213-001C-4090-A50C-0291CFD1465D}.Release|Any CPU.ActiveCfg = Release|Any CPU
		{A84BE213-001C-4090-A50C-0291CFD1465D}.Release|Any CPU.Build.0 = Release|Any CPU
	EndGlobalSection
	GlobalSection(SolutionProperties) = preSolution
		HideSolutionNode = FALSE
	EndGlobalSection
	GlobalSection(ExtensibilityGlobals) = postSolution
		SolutionGuid = {00FB887C-E657-423A-B04E-821925FE6781}
	EndGlobalSection
EndGlobal
