
Microsoft Visual Studio Solution File, Format Version 12.00
# Visual Studio Version 17
VisualStudioVersion = 17.5.002.0
MinimumVisualStudioVersion = 10.0.40219.1
Project("{9A19103F-16F7-4668-BE54-9A1E7A4F7556}") = "003c-tvar", "003c-tvar.csproj", "{96A71F3C-E70F-4E9C-912E-C7DBB437A281}"
EndProject
Global
	GlobalSection(SolutionConfigurationPlatforms) = preSolution
		Debug|Any CPU = Debug|Any CPU
		Release|Any CPU = Release|Any CPU
	EndGlobalSection
	GlobalSection(ProjectConfigurationPlatforms) = postSolution
		{96A71F3C-E70F-4E9C-912E-C7DBB437A281}.Debug|Any CPU.ActiveCfg = Debug|Any CPU
		{96A71F3C-E70F-4E9C-912E-C7DBB437A281}.Debug|Any CPU.Build.0 = Debug|Any CPU
		{96A71F3C-E70F-4E9C-912E-C7DBB437A281}.Release|Any CPU.ActiveCfg = Release|Any CPU
		{96A71F3C-E70F-4E9C-912E-C7DBB437A281}.Release|Any CPU.Build.0 = Release|Any CPU
	EndGlobalSection
	GlobalSection(SolutionProperties) = preSolution
		HideSolutionNode = FALSE
	EndGlobalSection
	GlobalSection(ExtensibilityGlobals) = postSolution
		SolutionGuid = {039CDD4C-ED8A-4EB2-8CF6-AA88C0CA32FC}
	EndGlobalSection
EndGlobal
